{
  "name": "eida-federator-ii",
  "version": "1.0.0",
  "lockfileVersion": 1,
  "requires": true,
  "dependencies": {
    "libmseedjs": {
      "version": "1.0.2",
      "resolved": "https://registry.npmjs.org/libmseedjs/-/libmseedjs-1.0.2.tgz",
      "integrity": "sha512-BOirU/BXmm2F7E4GUspJR6DzLabUTwqqRBw29dFdaK1TM/W3TC9fP/Q40CEAOrslmHVwOokx6YgSCHdLd4WISg=="
    }
  }
}
